<?xml version="1.0"?>
<Project ToolsVersion="4.0" xmlns="http://schemas.microsoft.com/developer/msbuild/2003">
	<ItemGroup>
		<ClCompile Include="src\ofApp.cpp">
			<Filter>src</Filter>
		</ClCompile>
		<ClCompile Include="src\main.cpp">
			<Filter>src</Filter>
		</ClCompile>
		<ClCompile Include="src\main.cpp">
			<Filter>src</Filter>
		</ClCompile>
		<ClCompile Include="src\ofApp.cpp">
			<Filter>src</Filter>
		</ClCompile>
		<ClCompile Include="..\..\..\addons\ofxColorsBrowser\src\ColorRectangle.cpp">
			<Filter>addons\ofxColorsBrowser\src</Filter>
		</ClCompile>
		<ClCompile Include="..\..\..\addons\ofxColorsBrowser\src\Color_BitmapTextButton.cpp">
			<Filter>addons\ofxColorsBrowser\src</Filter>
		</ClCompile>
		<ClCompile Include="..\..\..\addons\ofxColorsBrowser\src\ofxColorsBrowser.cpp">
			<Filter>addons\ofxColorsBrowser\src</Filter>
		</ClCompile>
		<ClCompile Include="..\..\..\addons\ofxFontStash\src\ofxFontStash.cpp">
			<Filter>addons\ofxFontStash\src</Filter>
		</ClCompile>
		<ClCompile Include="..\..\..\addons\ofxFontStash\libs\fontstash\src\fontstash.c">
			<Filter>addons\ofxFontStash\libs\fontstash\src</Filter>
		</ClCompile>
		<ClCompile Include="..\..\..\addons\ofxFontStash\libs\fontstash\src\stb_truetype.c">
			<Filter>addons\ofxFontStash\libs\fontstash\src</Filter>
		</ClCompile>
		<ClCompile Include="..\..\..\addons\ofxInterface\src\components\BitmapTextButton.cpp">
			<Filter>addons\ofxInterface\src\components</Filter>
		</ClCompile>
		<ClCompile Include="..\..\..\addons\ofxInterface\src\components\LambdaView.cpp">
			<Filter>addons\ofxInterface\src\components</Filter>
		</ClCompile>
		<ClCompile Include="..\..\..\addons\ofxInterface\src\components\SolidColorPanel.cpp">
			<Filter>addons\ofxInterface\src\components</Filter>
		</ClCompile>
		<ClCompile Include="..\..\..\addons\ofxInterface\src\components\TextureButton.cpp">
			<Filter>addons\ofxInterface\src\components</Filter>
		</ClCompile>
		<ClCompile Include="..\..\..\addons\ofxInterface\src\Node.cpp">
			<Filter>addons\ofxInterface\src</Filter>
		</ClCompile>
		<ClCompile Include="..\..\..\addons\ofxInterface\src\TouchEvent.cpp">
			<Filter>addons\ofxInterface\src</Filter>
		</ClCompile>
		<ClCompile Include="..\..\..\addons\ofxInterface\src\TouchManager.cpp">
			<Filter>addons\ofxInterface\src</Filter>
		</ClCompile>
		<ClCompile Include="..\..\..\addons\ofxInterface\src\VirtualTouch.cpp">
			<Filter>addons\ofxInterface\src</Filter>
		</ClCompile>
		<ClCompile Include="..\..\..\addons\ofxRectangleUtils\src\ofxRectangleUtils.cpp">
			<Filter>addons\ofxRectangleUtils\src</Filter>
		</ClCompile>
	</ItemGroup>
	<ItemGroup>
		<Filter Include="src">
			<UniqueIdentifier>{d8376475-7454-4a24-b08a-aac121d3ad6f}</UniqueIdentifier>
		</Filter>
		<Filter Include="addons">
			<UniqueIdentifier>{71834F65-F3A9-211E-73B8-DC85}</UniqueIdentifier>
		</Filter>
		<Filter Include="addons\ofxColorsBrowser">
			<UniqueIdentifier>{44A06A36-F669-881E-4855-72DA}</UniqueIdentifier>
		</Filter>
		<Filter Include="addons\ofxColorsBrowser\src">
			<UniqueIdentifier>{9949DEF1-BFAF-5187-4E47-7283}</UniqueIdentifier>
		</Filter>
		<Filter Include="addons\ofxFontStash">
			<UniqueIdentifier>{52833EC4-B632-6FCA-91CC-4AE6}</UniqueIdentifier>
		</Filter>
		<Filter Include="addons\ofxFontStash\src">
			<UniqueIdentifier>{49A40DDC-6572-4E0A-048E-2D04}</UniqueIdentifier>
		</Filter>
		<Filter Include="addons\ofxFontStash\libs">
			<UniqueIdentifier>{A8F1AC44-FC7C-BBBD-E0C9-B6EE}</UniqueIdentifier>
		</Filter>
		<Filter Include="addons\ofxFontStash\libs\fontstash">
			<UniqueIdentifier>{FE13F720-8FE1-4B82-AE17-C9C7}</UniqueIdentifier>
		</Filter>
		<Filter Include="addons\ofxFontStash\libs\fontstash\src">
			<UniqueIdentifier>{74A9B8C3-6ADF-F872-4DE5-3A6C}</UniqueIdentifier>
		</Filter>
		<Filter Include="addons\ofxInterface">
			<UniqueIdentifier>{A0C3FB5A-9B4B-FAFE-C062-5D05}</UniqueIdentifier>
		</Filter>
		<Filter Include="addons\ofxInterface\src">
			<UniqueIdentifier>{0BD99F9D-3447-0773-9126-020E}</UniqueIdentifier>
		</Filter>
		<Filter Include="addons\ofxInterface\src\components">
			<UniqueIdentifier>{C9E256A6-B6E0-8E15-8A3C-2CC2}</UniqueIdentifier>
		</Filter>
		<Filter Include="addons\ofxOpenColor">
			<UniqueIdentifier>{A89DBD4C-26FA-CB78-9D2D-A5DF}</UniqueIdentifier>
		</Filter>
		<Filter Include="addons\ofxOpenColor\src">
			<UniqueIdentifier>{5953A414-CA83-7488-5AFF-BCA1}</UniqueIdentifier>
		</Filter>
		<Filter Include="addons\ofxRectangleUtils">
			<UniqueIdentifier>{43DFE676-E107-FDAD-1C6D-3E69}</UniqueIdentifier>
		</Filter>
		<Filter Include="addons\ofxRectangleUtils\src">
			<UniqueIdentifier>{667F0579-E5DC-19DC-FE66-5511}</UniqueIdentifier>
		</Filter>
	</ItemGroup>
	<ItemGroup>
		<ClInclude Include="src\ofApp.h">
			<Filter>src</Filter>
		</ClInclude>
		<ClInclude Include="src\ofApp.h">
			<Filter>src</Filter>
		</ClInclude>
		<ClInclude Include="..\..\..\addons\ofxColorsBrowser\src\ColorRectangle.h">
			<Filter>addons\ofxColorsBrowser\src</Filter>
		</ClInclude>
		<ClInclude Include="..\..\..\addons\ofxColorsBrowser\src\Color_BitmapTextButton.h">
			<Filter>addons\ofxColorsBrowser\src</Filter>
		</ClInclude>
		<ClInclude Include="..\..\..\addons\ofxColorsBrowser\src\ofxColorsBrowser.h">
			<Filter>addons\ofxColorsBrowser\src</Filter>
		</ClInclude>
		<ClInclude Include="..\..\..\addons\ofxColorsBrowser\src\ofxRectangle.h">
			<Filter>addons\ofxColorsBrowser\src</Filter>
		</ClInclude>
		<ClInclude Include="..\..\..\addons\ofxFontStash\src\ofxFontStash.h">
			<Filter>addons\ofxFontStash\src</Filter>
		</ClInclude>
		<ClInclude Include="..\..\..\addons\ofxFontStash\libs\fontstash\src\fontstash.h">
			<Filter>addons\ofxFontStash\libs\fontstash\src</Filter>
		</ClInclude>
		<ClInclude Include="..\..\..\addons\ofxFontStash\libs\fontstash\src\stb_truetype.h">
			<Filter>addons\ofxFontStash\libs\fontstash\src</Filter>
		</ClInclude>
		<ClInclude Include="..\..\..\addons\ofxInterface\src\components\BitmapTextButton.h">
			<Filter>addons\ofxInterface\src\components</Filter>
		</ClInclude>
		<ClInclude Include="..\..\..\addons\ofxInterface\src\components\LambdaView.h">
			<Filter>addons\ofxInterface\src\components</Filter>
		</ClInclude>
		<ClInclude Include="..\..\..\addons\ofxInterface\src\components\SolidColorPanel.h">
			<Filter>addons\ofxInterface\src\components</Filter>
		</ClInclude>
		<ClInclude Include="..\..\..\addons\ofxInterface\src\components\TextureButton.h">
			<Filter>addons\ofxInterface\src\components</Filter>
		</ClInclude>
		<ClInclude Include="..\..\..\addons\ofxInterface\src\Node.h">
			<Filter>addons\ofxInterface\src</Filter>
		</ClInclude>
		<ClInclude Include="..\..\..\addons\ofxInterface\src\ofxInterface.h">
			<Filter>addons\ofxInterface\src</Filter>
		</ClInclude>
		<ClInclude Include="..\..\..\addons\ofxInterface\src\TouchEvent.h">
			<Filter>addons\ofxInterface\src</Filter>
		</ClInclude>
		<ClInclude Include="..\..\..\addons\ofxInterface\src\TouchManager.h">
			<Filter>addons\ofxInterface\src</Filter>
		</ClInclude>
		<ClInclude Include="..\..\..\addons\ofxInterface\src\VirtualTouch.h">
			<Filter>addons\ofxInterface\src</Filter>
		</ClInclude>
		<ClInclude Include="..\..\..\addons\ofxOpenColor\src\ofxOpenColor.h">
			<Filter>addons\ofxOpenColor\src</Filter>
		</ClInclude>
		<ClInclude Include="..\..\..\addons\ofxRectangleUtils\src\ofAbstractRectanglePacker.h">
			<Filter>addons\ofxRectangleUtils\src</Filter>
		</ClInclude>
		<ClInclude Include="..\..\..\addons\ofxRectangleUtils\src\ofBaseOnlineRectanglePacker.h">
			<Filter>addons\ofxRectangleUtils\src</Filter>
		</ClInclude>
		<ClInclude Include="..\..\..\addons\ofxRectangleUtils\src\ofRectanglePacker.h">
			<Filter>addons\ofxRectangleUtils\src</Filter>
		</ClInclude>
		<ClInclude Include="..\..\..\addons\ofxRectangleUtils\src\ofxRectangleUtils.h">
			<Filter>addons\ofxRectangleUtils\src</Filter>
		</ClInclude>
	</ItemGroup>
	<ItemGroup>
		<ResourceCompile Include="icon.rc" />
	</ItemGroup>
</Project>
